
Microsoft Visual Studio Solution File, Format Version 12.00
Project("{FAE04EC0-301F-11D3-BF4B-00C04F79EFBC}") = "GraphChocolate", "GraphChocolate\GraphChocolate.csproj", "{A2784479-2A70-4477-9C8C-2AE93564B95B}"
EndProject
Global
	GlobalSection(SolutionConfigurationPlatforms) = preSolution
		Debug|Any CPU = Debug|Any CPU
		Release|Any CPU = Release|Any CPU
	EndGlobalSection
	GlobalSection(ProjectConfigurationPlatforms) = postSolution
		{A2784479-2A70-4477-9C8C-2AE93564B95B}.Debug|Any CPU.ActiveCfg = Debug|Any CPU
		{A2784479-2A70-4477-9C8C-2AE93564B95B}.Debug|Any CPU.Build.0 = Debug|Any CPU
		{A2784479-2A70-4477-9C8C-2AE93564B95B}.Release|Any CPU.ActiveCfg = Release|Any CPU
		{A2784479-2A70-4477-9C8C-2AE93564B95B}.Release|Any CPU.Build.0 = Release|Any CPU
	EndGlobalSection
EndGlobal
